
Microsoft Visual Studio Solution File, Format Version 12.00
# Visual Studio Version 17
VisualStudioVersion = 17.4.33205.214
MinimumVisualStudioVersion = 10.0.40219.1
Project("{FAE04EC0-301F-11D3-BF4B-00C04F79EFBC}") = "ElasticSearch", "ElasticSearch\ElasticSearch.csproj", "{474BF292-3A39-4B9D-9B31-5A89CCC60638}"
EndProject
Global
	GlobalSection(SolutionConfigurationPlatforms) = preSolution
		Debug|Any CPU = Debug|Any CPU
		Release|Any CPU = Release|Any CPU
	EndGlobalSection
	GlobalSection(ProjectConfigurationPlatforms) = postSolution
		{474BF292-3A39-4B9D-9B31-5A89CCC60638}.Debug|Any CPU.ActiveCfg = Debug|Any CPU
		{474BF292-3A39-4B9D-9B31-5A89CCC60638}.Debug|Any CPU.Build.0 = Debug|Any CPU
		{474BF292-3A39-4B9D-9B31-5A89CCC60638}.Release|Any CPU.ActiveCfg = Release|Any CPU
		{474BF292-3A39-4B9D-9B31-5A89CCC60638}.Release|Any CPU.Build.0 = Release|Any CPU
	EndGlobalSection
	GlobalSection(SolutionProperties) = preSolution
		HideSolutionNode = FALSE
	EndGlobalSection
	GlobalSection(ExtensibilityGlobals) = postSolution
		SolutionGuid = {09F4F343-FCA7-47AA-8BDE-452BE94D1C3A}
	EndGlobalSection
EndGlobal
